
Microsoft Visual Studio Solution File, Format Version 12.00
# Visual Studio Version 17
VisualStudioVersion = 17.14.36401.2
MinimumVisualStudioVersion = 10.0.40219.1
Project("{2150E333-8FDC-42A3-9474-1A3956D46DE8}") = "Bootstrappers", "Bootstrappers", "{02EA681E-C7D8-13C7-8484-4AC65E1B71E8}"
EndProject
Project("{2150E333-8FDC-42A3-9474-1A3956D46DE8}") = "Modules", "Modules", "{05F4F50F-0845-45F2-9229-5539526D97B8}"
EndProject
Project("{2150E333-8FDC-42A3-9474-1A3956D46DE8}") = "Shared", "Shared", "{7966CE62-6304-4EF1-8873-7A8AC8988EBB}"
EndProject
Project("{FAE04EC0-301F-11D3-BF4B-00C04F79EFBC}") = "Api", "Bootstrappers\Api\Api.csproj", "{67C5A815-A98F-4EAC-9431-B4FE7B9F4314}"
EndProject
Project("{2150E333-8FDC-42A3-9474-1A3956D46DE8}") = "Basket", "Basket", "{4C14778A-BA71-4AC7-A969-1E8DD58EB7C6}"
EndProject
Project("{2150E333-8FDC-42A3-9474-1A3956D46DE8}") = "Catalog", "Catalog", "{659B221E-09E4-44F5-9FE8-106DBCEB8F06}"
EndProject
Project("{2150E333-8FDC-42A3-9474-1A3956D46DE8}") = "Ordering", "Ordering", "{63F65E80-3ADE-4DC7-AEAD-1CACB98BD2A5}"
EndProject
Project("{FAE04EC0-301F-11D3-BF4B-00C04F79EFBC}") = "Catalog", "Modules\Catalog\Catalog\Catalog.csproj", "{D518444A-D4FC-4917-BFD6-96466EA9F839}"
EndProject
Project("{FAE04EC0-301F-11D3-BF4B-00C04F79EFBC}") = "Basket", "Modules\Basket\Basket\Basket.csproj", "{D1B91214-597B-4905-B318-09B44F64CA0A}"
EndProject
Project("{FAE04EC0-301F-11D3-BF4B-00C04F79EFBC}") = "Ordering", "Modules\Ordering\Ordering\Ordering.csproj", "{316F4287-5BD8-4535-B49B-4C45F847E4A5}"
EndProject
Project("{E53339B2-1760-4266-BCC7-CA923CBCF16C}") = "docker-compose", "docker-compose.dcproj", "{81DDED9D-158B-E303-5F62-77A2896D2A5A}"
EndProject
Project("{FAE04EC0-301F-11D3-BF4B-00C04F79EFBC}") = "Catalog.Contracts", "Modules\Catalog\Catalog.Contracts\Catalog.Contracts.csproj", "{4BBB6698-7141-4320-ACD0-709204A80C5B}"
EndProject
Project("{FAE04EC0-301F-11D3-BF4B-00C04F79EFBC}") = "Shared", "Shared\Shared\Shared.csproj", "{40EE0938-F52D-8934-C82A-22EC1C2343DF}"
EndProject
Project("{FAE04EC0-301F-11D3-BF4B-00C04F79EFBC}") = "Shared.Contracts", "Shared\Shared.Contracts\Shared.Contracts.csproj", "{3E49BF17-0785-41A4-B978-80E8ADA09246}"
EndProject
Project("{FAE04EC0-301F-11D3-BF4B-00C04F79EFBC}") = "Shared.Messaging", "Shared\Shared.Messaging\Shared.Messaging.csproj", "{A3299EA3-90D7-F765-A6D3-BE88D7E52537}"
EndProject
Global
	GlobalSection(SolutionConfigurationPlatforms) = preSolution
		Debug|Any CPU = Debug|Any CPU
		Release|Any CPU = Release|Any CPU
	EndGlobalSection
	GlobalSection(ProjectConfigurationPlatforms) = postSolution
		{67C5A815-A98F-4EAC-9431-B4FE7B9F4314}.Debug|Any CPU.ActiveCfg = Debug|Any CPU
		{67C5A815-A98F-4EAC-9431-B4FE7B9F4314}.Debug|Any CPU.Build.0 = Debug|Any CPU
		{67C5A815-A98F-4EAC-9431-B4FE7B9F4314}.Release|Any CPU.ActiveCfg = Release|Any CPU
		{67C5A815-A98F-4EAC-9431-B4FE7B9F4314}.Release|Any CPU.Build.0 = Release|Any CPU
		{D518444A-D4FC-4917-BFD6-96466EA9F839}.Debug|Any CPU.ActiveCfg = Debug|Any CPU
		{D518444A-D4FC-4917-BFD6-96466EA9F839}.Debug|Any CPU.Build.0 = Debug|Any CPU
		{D518444A-D4FC-4917-BFD6-96466EA9F839}.Release|Any CPU.ActiveCfg = Release|Any CPU
		{D518444A-D4FC-4917-BFD6-96466EA9F839}.Release|Any CPU.Build.0 = Release|Any CPU
		{D1B91214-597B-4905-B318-09B44F64CA0A}.Debug|Any CPU.ActiveCfg = Debug|Any CPU
		{D1B91214-597B-4905-B318-09B44F64CA0A}.Debug|Any CPU.Build.0 = Debug|Any CPU
		{D1B91214-597B-4905-B318-09B44F64CA0A}.Release|Any CPU.ActiveCfg = Release|Any CPU
		{D1B91214-597B-4905-B318-09B44F64CA0A}.Release|Any CPU.Build.0 = Release|Any CPU
		{316F4287-5BD8-4535-B49B-4C45F847E4A5}.Debug|Any CPU.ActiveCfg = Debug|Any CPU
		{316F4287-5BD8-4535-B49B-4C45F847E4A5}.Debug|Any CPU.Build.0 = Debug|Any CPU
		{316F4287-5BD8-4535-B49B-4C45F847E4A5}.Release|Any CPU.ActiveCfg = Release|Any CPU
		{316F4287-5BD8-4535-B49B-4C45F847E4A5}.Release|Any CPU.Build.0 = Release|Any CPU
		{81DDED9D-158B-E303-5F62-77A2896D2A5A}.Debug|Any CPU.ActiveCfg = Debug|Any CPU
		{81DDED9D-158B-E303-5F62-77A2896D2A5A}.Debug|Any CPU.Build.0 = Debug|Any CPU
		{81DDED9D-158B-E303-5F62-77A2896D2A5A}.Release|Any CPU.ActiveCfg = Release|Any CPU
		{81DDED9D-158B-E303-5F62-77A2896D2A5A}.Release|Any CPU.Build.0 = Release|Any CPU
		{4BBB6698-7141-4320-ACD0-709204A80C5B}.Debug|Any CPU.ActiveCfg = Debug|Any CPU
		{4BBB6698-7141-4320-ACD0-709204A80C5B}.Debug|Any CPU.Build.0 = Debug|Any CPU
		{4BBB6698-7141-4320-ACD0-709204A80C5B}.Release|Any CPU.ActiveCfg = Release|Any CPU
		{4BBB6698-7141-4320-ACD0-709204A80C5B}.Release|Any CPU.Build.0 = Release|Any CPU
		{40EE0938-F52D-8934-C82A-22EC1C2343DF}.Debug|Any CPU.ActiveCfg = Debug|Any CPU
		{40EE0938-F52D-8934-C82A-22EC1C2343DF}.Debug|Any CPU.Build.0 = Debug|Any CPU
		{40EE0938-F52D-8934-C82A-22EC1C2343DF}.Release|Any CPU.ActiveCfg = Release|Any CPU
		{40EE0938-F52D-8934-C82A-22EC1C2343DF}.Release|Any CPU.Build.0 = Release|Any CPU
		{3E49BF17-0785-41A4-B978-80E8ADA09246}.Debug|Any CPU.ActiveCfg = Debug|Any CPU
		{3E49BF17-0785-41A4-B978-80E8ADA09246}.Debug|Any CPU.Build.0 = Debug|Any CPU
		{3E49BF17-0785-41A4-B978-80E8ADA09246}.Release|Any CPU.ActiveCfg = Release|Any CPU
		{3E49BF17-0785-41A4-B978-80E8ADA09246}.Release|Any CPU.Build.0 = Release|Any CPU
		{A3299EA3-90D7-F765-A6D3-BE88D7E52537}.Debug|Any CPU.ActiveCfg = Debug|Any CPU
		{A3299EA3-90D7-F765-A6D3-BE88D7E52537}.Debug|Any CPU.Build.0 = Debug|Any CPU
		{A3299EA3-90D7-F765-A6D3-BE88D7E52537}.Release|Any CPU.ActiveCfg = Release|Any CPU
		{A3299EA3-90D7-F765-A6D3-BE88D7E52537}.Release|Any CPU.Build.0 = Release|Any CPU
	EndGlobalSection
	GlobalSection(SolutionProperties) = preSolution
		HideSolutionNode = FALSE
	EndGlobalSection
	GlobalSection(NestedProjects) = preSolution
		{67C5A815-A98F-4EAC-9431-B4FE7B9F4314} = {02EA681E-C7D8-13C7-8484-4AC65E1B71E8}
		{4C14778A-BA71-4AC7-A969-1E8DD58EB7C6} = {05F4F50F-0845-45F2-9229-5539526D97B8}
		{659B221E-09E4-44F5-9FE8-106DBCEB8F06} = {05F4F50F-0845-45F2-9229-5539526D97B8}
		{63F65E80-3ADE-4DC7-AEAD-1CACB98BD2A5} = {05F4F50F-0845-45F2-9229-5539526D97B8}
		{D518444A-D4FC-4917-BFD6-96466EA9F839} = {659B221E-09E4-44F5-9FE8-106DBCEB8F06}
		{D1B91214-597B-4905-B318-09B44F64CA0A} = {4C14778A-BA71-4AC7-A969-1E8DD58EB7C6}
		{316F4287-5BD8-4535-B49B-4C45F847E4A5} = {63F65E80-3ADE-4DC7-AEAD-1CACB98BD2A5}
		{4BBB6698-7141-4320-ACD0-709204A80C5B} = {659B221E-09E4-44F5-9FE8-106DBCEB8F06}
		{40EE0938-F52D-8934-C82A-22EC1C2343DF} = {7966CE62-6304-4EF1-8873-7A8AC8988EBB}
		{3E49BF17-0785-41A4-B978-80E8ADA09246} = {7966CE62-6304-4EF1-8873-7A8AC8988EBB}
		{A3299EA3-90D7-F765-A6D3-BE88D7E52537} = {7966CE62-6304-4EF1-8873-7A8AC8988EBB}
	EndGlobalSection
	GlobalSection(ExtensibilityGlobals) = postSolution
		SolutionGuid = {1A53B5B5-9779-4D5D-BD81-2017D194A8BF}
	EndGlobalSection
EndGlobal
